
Microsoft Visual Studio Solution File, Format Version 12.00
# Visual Studio Version 17
VisualStudioVersion = 17.9.34902.65
MinimumVisualStudioVersion = 10.0.40219.1
Project("{FAE04EC0-301F-11D3-BF4B-00C04F79EFBC}") = "ToDoTask", "ToDoTask.csproj", "{B58DB016-E3C9-442E-BBD0-FEF65B5200B6}"
EndProject
Global
	GlobalSection(SolutionConfigurationPlatforms) = preSolution
		Debug|Any CPU = Debug|Any CPU
		Release|Any CPU = Release|Any CPU
	EndGlobalSection
	GlobalSection(ProjectConfigurationPlatforms) = postSolution
		{B58DB016-E3C9-442E-BBD0-FEF65B5200B6}.Debug|Any CPU.ActiveCfg = Debug|Any CPU
		{B58DB016-E3C9-442E-BBD0-FEF65B5200B6}.Debug|Any CPU.Build.0 = Debug|Any CPU
		{B58DB016-E3C9-442E-BBD0-FEF65B5200B6}.Release|Any CPU.ActiveCfg = Release|Any CPU
		{B58DB016-E3C9-442E-BBD0-FEF65B5200B6}.Release|Any CPU.Build.0 = Release|Any CPU
	EndGlobalSection
	GlobalSection(SolutionProperties) = preSolution
		HideSolutionNode = FALSE
	EndGlobalSection
	GlobalSection(ExtensibilityGlobals) = postSolution
		SolutionGuid = {858BB8DF-81FC-4613-B009-DEACFE8EE17A}
	EndGlobalSection
EndGlobal
